{
  "name": "@kuhe-org/publish-why-dont-we",
  "version": "2.10.0",
  "lockfileVersion": 1,
  "requires": true,
  "dependencies": {
    "node-clapi": {
      "version": "1.0.3",
      "resolved": "https://registry.npmjs.org/node-clapi/-/node-clapi-1.0.3.tgz",
      "integrity": "sha512-P6ZXcSzpeaU12h8C62gyC/xmGVrAboCAiN3Bi99UqfwuY4uxnrLcEUe9IKMywoaB107ZqjTb/8FlRc1Up/0Cxw=="
    }
  }
}
